
Microsoft Visual Studio Solution File, Format Version 12.00
# Visual Studio Version 16
VisualStudioVersion = 16.0.29613.14
MinimumVisualStudioVersion = 10.0.40219.1
Project("{9A19103F-16F7-4668-BE54-9A1E7A4F7556}") = "SportDash", "SportDash\SportDash.csproj", "{A5A4F305-5100-4B45-9E11-AD365975D14C}"
EndProject
Global
	GlobalSection(SolutionConfigurationPlatforms) = preSolution
		Debug|Any CPU = Debug|Any CPU
		Release|Any CPU = Release|Any CPU
	EndGlobalSection
	GlobalSection(ProjectConfigurationPlatforms) = postSolution
		{A5A4F305-5100-4B45-9E11-AD365975D14C}.Debug|Any CPU.ActiveCfg = Debug|Any CPU
		{A5A4F305-5100-4B45-9E11-AD365975D14C}.Debug|Any CPU.Build.0 = Debug|Any CPU
		{A5A4F305-5100-4B45-9E11-AD365975D14C}.Release|Any CPU.ActiveCfg = Release|Any CPU
		{A5A4F305-5100-4B45-9E11-AD365975D14C}.Release|Any CPU.Build.0 = Release|Any CPU
	EndGlobalSection
	GlobalSection(SolutionProperties) = preSolution
		HideSolutionNode = FALSE
	EndGlobalSection
	GlobalSection(ExtensibilityGlobals) = postSolution
		SolutionGuid = {B635AFB7-735E-4C51-9D24-62B9AEA87CA4}
	EndGlobalSection
EndGlobal
